// !$*UTF8*$!
{
	archiveVersion = 1;
	classes = {
	};
	objectVersion = 46;
	objects = {

/* Begin PBXBuildFile section */
		D568FC331A4400D8006030D3 /* AppDelegate.swift in Sources */ = {isa = PBXBuildFile; fileRef = D568FC1E1A4400D8006030D3 /* AppDelegate.swift */; };
		D568FC351A4400D8006030D3 /* Main.storyboard in Resources */ = {isa = PBXBuildFile; fileRef = D568FC221A4400D8006030D3 /* Main.storyboard */; };
		D568FC361A4400D8006030D3 /* camera-options.png in Resources */ = {isa = PBXBuildFile; fileRef = D568FC241A4400D8006030D3 /* camera-options.png */; };
		D568FC371A4400D8006030D3 /* CustomCell.swift in Sources */ = {isa = PBXBuildFile; fileRef = D568FC251A4400D8006030D3 /* CustomCell.swift */; };
		D568FC381A4400D8006030D3 /* explore.png in Resources */ = {isa = PBXBuildFile; fileRef = D568FC261A4400D8006030D3 /* explore.png */; };
		D568FC391A4400D8006030D3 /* ExploreViewController.swift in Sources */ = {isa = PBXBuildFile; fileRef = D568FC271A4400D8006030D3 /* ExploreViewController.swift */; };
		D568FC3A1A4400D8006030D3 /* home.png in Resources */ = {isa = PBXBuildFile; fileRef = D568FC281A4400D8006030D3 /* home.png */; };
		D568FC3C1A4400D8006030D3 /* Info.plist in Resources */ = {isa = PBXBuildFile; fileRef = D568FC2A1A4400D8006030D3 /* Info.plist */; };
		D568FC3D1A4400D8006030D3 /* map.png in Resources */ = {isa = PBXBuildFile; fileRef = D568FC2B1A4400D8006030D3 /* map.png */; };
		D568FC3E1A4400D8006030D3 /* MyUIViewController.swift in Sources */ = {isa = PBXBuildFile; fileRef = D568FC2C1A4400D8006030D3 /* MyUIViewController.swift */; };
		D568FC3F1A4400D8006030D3 /* placeholder.png in Resources */ = {isa = PBXBuildFile; fileRef = D568FC2D1A4400D8006030D3 /* placeholder.png */; };
		D568FC401A4400D8006030D3 /* post.png in Resources */ = {isa = PBXBuildFile; fileRef = D568FC2E1A4400D8006030D3 /* post.png */; };
		D568FC411A4400D8006030D3 /* record.png in Resources */ = {isa = PBXBuildFile; fileRef = D568FC2F1A4400D8006030D3 /* record.png */; };
		D568FC421A4400D8006030D3 /* self.png in Resources */ = {isa = PBXBuildFile; fileRef = D568FC301A4400D8006030D3 /* self.png */; };
		D568FC431A4400D8006030D3 /* TableViewController.swift in Sources */ = {isa = PBXBuildFile; fileRef = D568FC311A4400D8006030D3 /* TableViewController.swift */; };
		D568FC441A4400D8006030D3 /* test.jpg in Resources */ = {isa = PBXBuildFile; fileRef = D568FC321A4400D8006030D3 /* test.jpg */; };
		D568FC461A440223006030D3 /* Images.xcassets in Resources */ = {isa = PBXBuildFile; fileRef = D568FC451A440223006030D3 /* Images.xcassets */; };
		D5711AB11A3CE0F0006A7EF4 /* LaunchScreen.xib in Resources */ = {isa = PBXBuildFile; fileRef = D5711AAF1A3CE0F0006A7EF4 /* LaunchScreen.xib */; };
		D5711ABD1A3CE0F0006A7EF4 /* GlimpseTests.swift in Sources */ = {isa = PBXBuildFile; fileRef = D5711ABC1A3CE0F0006A7EF4 /* GlimpseTests.swift */; };
/* End PBXBuildFile section */

/* Begin PBXContainerItemProxy section */
		D5711AB71A3CE0F0006A7EF4 /* PBXContainerItemProxy */ = {
			isa = PBXContainerItemProxy;
			containerPortal = D5711A991A3CE0F0006A7EF4 /* Project object */;
			proxyType = 1;
			remoteGlobalIDString = D5711AA01A3CE0F0006A7EF4;
			remoteInfo = Glimpse;
		};
/* End PBXContainerItemProxy section */

/* Begin PBXFileReference section */
		D568FC1E1A4400D8006030D3 /* AppDelegate.swift */ = {isa = PBXFileReference; fileEncoding = 4; lastKnownFileType = sourcecode.swift; path = AppDelegate.swift; sourceTree = "<group>"; };
		D568FC231A4400D8006030D3 /* Base */ = {isa = PBXFileReference; lastKnownFileType = file.storyboard; name = Base; path = Main.storyboard; sourceTree = "<group>"; };
		D568FC241A4400D8006030D3 /* camera-options.png */ = {isa = PBXFileReference; lastKnownFileType = image.png; path = "camera-options.png"; sourceTree = "<group>"; };
		D568FC251A4400D8006030D3 /* CustomCell.swift */ = {isa = PBXFileReference; fileEncoding = 4; lastKnownFileType = sourcecode.swift; path = CustomCell.swift; sourceTree = "<group>"; };
		D568FC261A4400D8006030D3 /* explore.png */ = {isa = PBXFileReference; lastKnownFileType = image.png; path = explore.png; sourceTree = "<group>"; };
		D568FC271A4400D8006030D3 /* ExploreViewController.swift */ = {isa = PBXFileReference; fileEncoding = 4; lastKnownFileType = sourcecode.swift; path = ExploreViewController.swift; sourceTree = "<group>"; };
		D568FC281A4400D8006030D3 /* home.png */ = {isa = PBXFileReference; lastKnownFileType = image.png; path = home.png; sourceTree = "<group>"; };
		D568FC2A1A4400D8006030D3 /* Info.plist */ = {isa = PBXFileReference; fileEncoding = 4; lastKnownFileType = text.plist.xml; path = Info.plist; sourceTree = "<group>"; };
		D568FC2B1A4400D8006030D3 /* map.png */ = {isa = PBXFileReference; lastKnownFileType = image.png; path = map.png; sourceTree = "<group>"; };
		D568FC2C1A4400D8006030D3 /* MyUIViewController.swift */ = {isa = PBXFileReference; fileEncoding = 4; lastKnownFileType = sourcecode.swift; path = MyUIViewController.swift; sourceTree = "<group>"; };
		D568FC2D1A4400D8006030D3 /* placeholder.png */ = {isa = PBXFileReference; lastKnownFileType = image.png; path = placeholder.png; sourceTree = "<group>"; };
		D568FC2E1A4400D8006030D3 /* post.png */ = {isa = PBXFileReference; lastKnownFileType = image.png; path = post.png; sourceTree = "<group>"; };
		D568FC2F1A4400D8006030D3 /* record.png */ = {isa = PBXFileReference; lastKnownFileType = image.png; path = record.png; sourceTree = "<group>"; };
		D568FC301A4400D8006030D3 /* self.png */ = {isa = PBXFileReference; lastKnownFileType = image.png; path = self.png; sourceTree = "<group>"; };
		D568FC311A4400D8006030D3 /* TableViewController.swift */ = {isa = PBXFileReference; fileEncoding = 4; lastKnownFileType = sourcecode.swift; path = TableViewController.swift; sourceTree = "<group>"; };
		D568FC321A4400D8006030D3 /* test.jpg */ = {isa = PBXFileReference; lastKnownFileType = image.jpeg; path = test.jpg; sourceTree = "<group>"; };
		D568FC451A440223006030D3 /* Images.xcassets */ = {isa = PBXFileReference; lastKnownFileType = folder.assetcatalog; path = Images.xcassets; sourceTree = "<group>"; };
		D5711AA11A3CE0F0006A7EF4 /* Glimpse.app */ = {isa = PBXFileReference; explicitFileType = wrapper.application; includeInIndex = 0; path = Glimpse.app; sourceTree = BUILT_PRODUCTS_DIR; };
		D5711AB01A3CE0F0006A7EF4 /* Base */ = {isa = PBXFileReference; lastKnownFileType = file.xib; name = Base; path = Base.lproj/LaunchScreen.xib; sourceTree = "<group>"; };
		D5711AB61A3CE0F0006A7EF4 /* GlimpseTests.xctest */ = {isa = PBXFileReference; explicitFileType = wrapper.cfbundle; includeInIndex = 0; path = GlimpseTests.xctest; sourceTree = BUILT_PRODUCTS_DIR; };
		D5711ABB1A3CE0F0006A7EF4 /* Info.plist */ = {isa = PBXFileReference; lastKnownFileType = text.plist.xml; path = Info.plist; sourceTree = "<group>"; };
		D5711ABC1A3CE0F0006A7EF4 /* GlimpseTests.swift */ = {isa = PBXFileReference; lastKnownFileType = sourcecode.swift; path = GlimpseTests.swift; sourceTree = "<group>"; };
/* End PBXFileReference section */

/* Begin PBXFrameworksBuildPhase section */
		D5711A9E1A3CE0F0006A7EF4 /* Frameworks */ = {
			isa = PBXFrameworksBuildPhase;
			buildActionMask = 2147483647;
			files = (
			);
			runOnlyForDeploymentPostprocessing = 0;
		};
		D5711AB31A3CE0F0006A7EF4 /* Frameworks */ = {
			isa = PBXFrameworksBuildPhase;
			buildActionMask = 2147483647;
			files = (
			);
			runOnlyForDeploymentPostprocessing = 0;
		};
/* End PBXFrameworksBuildPhase section */

/* Begin PBXGroup section */
		D5711A981A3CE0F0006A7EF4 = {
			isa = PBXGroup;
			children = (
				D5711AA31A3CE0F0006A7EF4 /* Glimpse */,
				D5711AB91A3CE0F0006A7EF4 /* GlimpseTests */,
				D5711AA21A3CE0F0006A7EF4 /* Products */,
			);
			sourceTree = "<group>";
		};
		D5711AA21A3CE0F0006A7EF4 /* Products */ = {
			isa = PBXGroup;
			children = (
				D5711AA11A3CE0F0006A7EF4 /* Glimpse.app */,
				D5711AB61A3CE0F0006A7EF4 /* GlimpseTests.xctest */,
			);
			name = Products;
			sourceTree = "<group>";
		};
		D5711AA31A3CE0F0006A7EF4 /* Glimpse */ = {
			isa = PBXGroup;
			children = (
				D568FC221A4400D8006030D3 /* Main.storyboard */,
				D568FC1E1A4400D8006030D3 /* AppDelegate.swift */,
				D568FC241A4400D8006030D3 /* camera-options.png */,
				D568FC251A4400D8006030D3 /* CustomCell.swift */,
				D568FC271A4400D8006030D3 /* ExploreViewController.swift */,
				D568FC2C1A4400D8006030D3 /* MyUIViewController.swift */,
				D568FC311A4400D8006030D3 /* TableViewController.swift */,
				D568FC451A440223006030D3 /* Images.xcassets */,
				D5711AC81A3CE17A006A7EF4 /* images */,
				D5711AAF1A3CE0F0006A7EF4 /* LaunchScreen.xib */,
				D5711AA41A3CE0F0006A7EF4 /* Supporting Files */,
			);
			path = Glimpse;
			sourceTree = "<group>";
		};
		D5711AA41A3CE0F0006A7EF4 /* Supporting Files */ = {
			isa = PBXGroup;
			children = (
				D568FC2A1A4400D8006030D3 /* Info.plist */,
			);
			name = "Supporting Files";
			sourceTree = "<group>";
		};
		D5711AB91A3CE0F0006A7EF4 /* GlimpseTests */ = {
			isa = PBXGroup;
			children = (
				D5711ABC1A3CE0F0006A7EF4 /* GlimpseTests.swift */,
				D5711ABA1A3CE0F0006A7EF4 /* Supporting Files */,
			);
			path = GlimpseTests;
			sourceTree = "<group>";
		};
		D5711ABA1A3CE0F0006A7EF4 /* Supporting Files */ = {
			isa = PBXGroup;
			children = (
				D5711ABB1A3CE0F0006A7EF4 /* Info.plist */,
			);
			name = "Supporting Files";
			sourceTree = "<group>";
		};
		D5711AC81A3CE17A006A7EF4 /* images */ = {
			isa = PBXGroup;
			children = (
				D568FC281A4400D8006030D3 /* home.png */,
				D568FC261A4400D8006030D3 /* explore.png */,
				D568FC2B1A4400D8006030D3 /* map.png */,
				D568FC2D1A4400D8006030D3 /* placeholder.png */,
				D568FC2E1A4400D8006030D3 /* post.png */,
				D568FC2F1A4400D8006030D3 /* record.png */,
				D568FC301A4400D8006030D3 /* self.png */,
				D568FC321A4400D8006030D3 /* test.jpg */,
			);
			name = images;
			sourceTree = "<group>";
		};
/* End PBXGroup section */

/* Begin PBXNativeTarget section */
		D5711AA01A3CE0F0006A7EF4 /* Glimpse */ = {
			isa = PBXNativeTarget;
			buildConfigurationList = D5711AC01A3CE0F0006A7EF4 /* Build configuration list for PBXNativeTarget "Glimpse" */;
			buildPhases = (
				D5711A9D1A3CE0F0006A7EF4 /* Sources */,
				D5711A9E1A3CE0F0006A7EF4 /* Frameworks */,
				D5711A9F1A3CE0F0006A7EF4 /* Resources */,
			);
			buildRules = (
			);
			dependencies = (
			);
			name = Glimpse;
			productName = Glimpse;
			productReference = D5711AA11A3CE0F0006A7EF4 /* Glimpse.app */;
			productType = "com.apple.product-type.application";
		};
		D5711AB51A3CE0F0006A7EF4 /* GlimpseTests */ = {
			isa = PBXNativeTarget;
			buildConfigurationList = D5711AC31A3CE0F0006A7EF4 /* Build configuration list for PBXNativeTarget "GlimpseTests" */;
			buildPhases = (
				D5711AB21A3CE0F0006A7EF4 /* Sources */,
				D5711AB31A3CE0F0006A7EF4 /* Frameworks */,
				D5711AB41A3CE0F0006A7EF4 /* Resources */,
			);
			buildRules = (
			);
			dependencies = (
				D5711AB81A3CE0F0006A7EF4 /* PBXTargetDependency */,
			);
			name = GlimpseTests;
			productName = GlimpseTests;
			productReference = D5711AB61A3CE0F0006A7EF4 /* GlimpseTests.xctest */;
			productType = "com.apple.product-type.bundle.unit-test";
		};
/* End PBXNativeTarget section */

/* Begin PBXProject section */
		D5711A991A3CE0F0006A7EF4 /* Project object */ = {
			isa = PBXProject;
			attributes = {
				LastUpgradeCheck = 0610;
				ORGANIZATIONNAME = "Renzee Reyes";
				TargetAttributes = {
					D5711AA01A3CE0F0006A7EF4 = {
						CreatedOnToolsVersion = 6.1.1;
					};
					D5711AB51A3CE0F0006A7EF4 = {
						CreatedOnToolsVersion = 6.1.1;
						TestTargetID = D5711AA01A3CE0F0006A7EF4;
					};
				};
			};
			buildConfigurationList = D5711A9C1A3CE0F0006A7EF4 /* Build configuration list for PBXProject "Glimpse" */;
			compatibilityVersion = "Xcode 3.2";
			developmentRegion = English;
			hasScannedForEncodings = 0;
			knownRegions = (
				en,
				Base,
			);
			mainGroup = D5711A981A3CE0F0006A7EF4;
			productRefGroup = D5711AA21A3CE0F0006A7EF4 /* Products */;
			projectDirPath = "";
			projectRoot = "";
			targets = (
				D5711AA01A3CE0F0006A7EF4 /* Glimpse */,
				D5711AB51A3CE0F0006A7EF4 /* GlimpseTests */,
			);
		};
/* End PBXProject section */

/* Begin PBXResourcesBuildPhase section */
		D5711A9F1A3CE0F0006A7EF4 /* Resources */ = {
			isa = PBXResourcesBuildPhase;
			buildActionMask = 2147483647;
			files = (
				D568FC3F1A4400D8006030D3 /* placeholder.png in Resources */,
				D568FC421A4400D8006030D3 /* self.png in Resources */,
				D568FC3D1A4400D8006030D3 /* map.png in Resources */,
				D568FC461A440223006030D3 /* Images.xcassets in Resources */,
				D5711AB11A3CE0F0006A7EF4 /* LaunchScreen.xib in Resources */,
				D568FC3A1A4400D8006030D3 /* home.png in Resources */,
				D568FC401A4400D8006030D3 /* post.png in Resources */,
				D568FC441A4400D8006030D3 /* test.jpg in Resources */,
				D568FC351A4400D8006030D3 /* Main.storyboard in Resources */,
				D568FC3C1A4400D8006030D3 /* Info.plist in Resources */,
				D568FC361A4400D8006030D3 /* camera-options.png in Resources */,
				D568FC381A4400D8006030D3 /* explore.png in Resources */,
				D568FC411A4400D8006030D3 /* record.png in Resources */,
			);
			runOnlyForDeploymentPostprocessing = 0;
		};
		D5711AB41A3CE0F0006A7EF4 /* Resources */ = {
			isa = PBXResourcesBuildPhase;
			buildActionMask = 2147483647;
			files = (
			);
			runOnlyForDeploymentPostprocessing = 0;
		};
/* End PBXResourcesBuildPhase section */

/* Begin PBXSourcesBuildPhase section */
		D5711A9D1A3CE0F0006A7EF4 /* Sources */ = {
			isa = PBXSourcesBuildPhase;
			buildActionMask = 2147483647;
			files = (
				D568FC331A4400D8006030D3 /* AppDelegate.swift in Sources */,
				D568FC431A4400D8006030D3 /* TableViewController.swift in Sources */,
				D568FC391A4400D8006030D3 /* ExploreViewController.swift in Sources */,
				D568FC3E1A4400D8006030D3 /* MyUIViewController.swift in Sources */,
				D568FC371A4400D8006030D3 /* CustomCell.swift in Sources */,
			);
			runOnlyForDeploymentPostprocessing = 0;
		};
		D5711AB21A3CE0F0006A7EF4 /* Sources */ = {
			isa = PBXSourcesBuildPhase;
			buildActionMask = 2147483647;
			files = (
				D5711ABD1A3CE0F0006A7EF4 /* GlimpseTests.swift in Sources */,
			);
			runOnlyForDeploymentPostprocessing = 0;
		};
/* End PBXSourcesBuildPhase section */

/* Begin PBXTargetDependency section */
		D5711AB81A3CE0F0006A7EF4 /* PBXTargetDependency */ = {
			isa = PBXTargetDependency;
			target = D5711AA01A3CE0F0006A7EF4 /* Glimpse */;
			targetProxy = D5711AB71A3CE0F0006A7EF4 /* PBXContainerItemProxy */;
		};
/* End PBXTargetDependency section */

/* Begin PBXVariantGroup section */
		D568FC221A4400D8006030D3 /* Main.storyboard */ = {
			isa = PBXVariantGroup;
			children = (
				D568FC231A4400D8006030D3 /* Base */,
			);
			name = Main.storyboard;
			path = Base.lproj;
			sourceTree = "<group>";
		};
		D5711AAF1A3CE0F0006A7EF4 /* LaunchScreen.xib */ = {
			isa = PBXVariantGroup;
			children = (
				D5711AB01A3CE0F0006A7EF4 /* Base */,
			);
			name = LaunchScreen.xib;
			sourceTree = "<group>";
		};
/* End PBXVariantGroup section */

/* Begin XCBuildConfiguration section */
		D5711ABE1A3CE0F0006A7EF4 /* Debug */ = {
			isa = XCBuildConfiguration;
			buildSettings = {
				ALWAYS_SEARCH_USER_PATHS = NO;
				CLANG_CXX_LANGUAGE_STANDARD = "gnu++0x";
				CLANG_CXX_LIBRARY = "libc++";
				CLANG_ENABLE_MODULES = YES;
				CLANG_ENABLE_OBJC_ARC = YES;
				CLANG_WARN_BOOL_CONVERSION = YES;
				CLANG_WARN_CONSTANT_CONVERSION = YES;
				CLANG_WARN_DIRECT_OBJC_ISA_USAGE = YES_ERROR;
				CLANG_WARN_EMPTY_BODY = YES;
				CLANG_WARN_ENUM_CONVERSION = YES;
				CLANG_WARN_INT_CONVERSION = YES;
				CLANG_WARN_OBJC_ROOT_CLASS = YES_ERROR;
				CLANG_WARN_UNREACHABLE_CODE = YES;
				CLANG_WARN__DUPLICATE_METHOD_MATCH = YES;
				"CODE_SIGN_IDENTITY[sdk=iphoneos*]" = "iPhone Developer";
				COPY_PHASE_STRIP = NO;
				ENABLE_STRICT_OBJC_MSGSEND = YES;
				GCC_C_LANGUAGE_STANDARD = gnu99;
				GCC_DYNAMIC_NO_PIC = NO;
				GCC_OPTIMIZATION_LEVEL = 0;
				GCC_PREPROCESSOR_DEFINITIONS = (
					"DEBUG=1",
					"$(inherited)",
				);
				GCC_SYMBOLS_PRIVATE_EXTERN = NO;
				GCC_WARN_64_TO_32_BIT_CONVERSION = YES;
				GCC_WARN_ABOUT_RETURN_TYPE = YES_ERROR;
				GCC_WARN_UNDECLARED_SELECTOR = YES;
				GCC_WARN_UNINITIALIZED_AUTOS = YES_AGGRESSIVE;
				GCC_WARN_UNUSED_FUNCTION = YES;
				GCC_WARN_UNUSED_VARIABLE = YES;
				IPHONEOS_DEPLOYMENT_TARGET = 8.1;
				MTL_ENABLE_DEBUG_INFO = YES;
				ONLY_ACTIVE_ARCH = YES;
				SDKROOT = iphoneos;
				SWIFT_OPTIMIZATION_LEVEL = "-Onone";
				TARGETED_DEVICE_FAMILY = "1,2";
			};
			name = Debug;
		};
		D5711ABF1A3CE0F0006A7EF4 /* Release */ = {
			isa = XCBuildConfiguration;
			buildSettings = {
				ALWAYS_SEARCH_USER_PATHS = NO;
				CLANG_CXX_LANGUAGE_STANDARD = "gnu++0x";
				CLANG_CXX_LIBRARY = "libc++";
				CLANG_ENABLE_MODULES = YES;
				CLANG_ENABLE_OBJC_ARC = YES;
				CLANG_WARN_BOOL_CONVERSION = YES;
				CLANG_WARN_CONSTANT_CONVERSION = YES;
				CLANG_WARN_DIRECT_OBJC_ISA_USAGE = YES_ERROR;
				CLANG_WARN_EMPTY_BODY = YES;
				CLANG_WARN_ENUM_CONVERSION = YES;
				CLANG_WARN_INT_CONVERSION = YES;
				CLANG_WARN_OBJC_ROOT_CLASS = YES_ERROR;
				CLANG_WARN_UNREACHABLE_CODE = YES;
				CLANG_WARN__DUPLICATE_METHOD_MATCH = YES;
				"CODE_SIGN_IDENTITY[sdk=iphoneos*]" = "iPhone Developer";
				COPY_PHASE_STRIP = YES;
				ENABLE_NS_ASSERTIONS = NO;
				ENABLE_STRICT_OBJC_MSGSEND = YES;
				GCC_C_LANGUAGE_STANDARD = gnu99;
				GCC_WARN_64_TO_32_BIT_CONVERSION = YES;
				GCC_WARN_ABOUT_RETURN_TYPE = YES_ERROR;
				GCC_WARN_UNDECLARED_SELECTOR = YES;
				GCC_WARN_UNINITIALIZED_AUTOS = YES_AGGRESSIVE;
				GCC_WARN_UNUSED_FUNCTION = YES;
				GCC_WARN_UNUSED_VARIABLE = YES;
				IPHONEOS_DEPLOYMENT_TARGET = 8.1;
				MTL_ENABLE_DEBUG_INFO = NO;
				SDKROOT = iphoneos;
				TARGETED_DEVICE_FAMILY = "1,2";
				VALIDATE_PRODUCT = YES;
			};
			name = Release;
		};
		D5711AC11A3CE0F0006A7EF4 /* Debug */ = {
			isa = XCBuildConfiguration;
			buildSettings = {
				ASSETCATALOG_COMPILER_APPICON_NAME = AppIcon;
				INFOPLIST_FILE = Glimpse/Info.plist;
				LD_RUNPATH_SEARCH_PATHS = "$(inherited) @executable_path/Frameworks";
				PRODUCT_NAME = "$(TARGET_NAME)";
			};
			name = Debug;
		};
		D5711AC21A3CE0F0006A7EF4 /* Release */ = {
			isa = XCBuildConfiguration;
			buildSettings = {
				ASSETCATALOG_COMPILER_APPICON_NAME = AppIcon;
				INFOPLIST_FILE = Glimpse/Info.plist;
				LD_RUNPATH_SEARCH_PATHS = "$(inherited) @executable_path/Frameworks";
				PRODUCT_NAME = "$(TARGET_NAME)";
			};
			name = Release;
		};
		D5711AC41A3CE0F0006A7EF4 /* Debug */ = {
			isa = XCBuildConfiguration;
			buildSettings = {
				BUNDLE_LOADER = "$(TEST_HOST)";
				FRAMEWORK_SEARCH_PATHS = (
					"$(SDKROOT)/Developer/Library/Frameworks",
					"$(inherited)",
				);
				GCC_PREPROCESSOR_DEFINITIONS = (
					"DEBUG=1",
					"$(inherited)",
				);
				INFOPLIST_FILE = GlimpseTests/Info.plist;
				LD_RUNPATH_SEARCH_PATHS = "$(inherited) @executable_path/Frameworks @loader_path/Frameworks";
				PRODUCT_NAME = "$(TARGET_NAME)";
				TEST_HOST = "$(BUILT_PRODUCTS_DIR)/Glimpse.app/Glimpse";
			};
			name = Debug;
		};
		D5711AC51A3CE0F0006A7EF4 /* Release */ = {
			isa = XCBuildConfiguration;
			buildSettings = {
				BUNDLE_LOADER = "$(TEST_HOST)";
				FRAMEWORK_SEARCH_PATHS = (
					"$(SDKROOT)/Developer/Library/Frameworks",
					"$(inherited)",
				);
				INFOPLIST_FILE = GlimpseTests/Info.plist;
				LD_RUNPATH_SEARCH_PATHS = "$(inherited) @executable_path/Frameworks @loader_path/Frameworks";
				PRODUCT_NAME = "$(TARGET_NAME)";
				TEST_HOST = "$(BUILT_PRODUCTS_DIR)/Glimpse.app/Glimpse";
			};
			name = Release;
		};
/* End XCBuildConfiguration section */

/* Begin XCConfigurationList section */
		D5711A9C1A3CE0F0006A7EF4 /* Build configuration list for PBXProject "Glimpse" */ = {
			isa = XCConfigurationList;
			buildConfigurations = (
				D5711ABE1A3CE0F0006A7EF4 /* Debug */,
				D5711ABF1A3CE0F0006A7EF4 /* Release */,
			);
			defaultConfigurationIsVisible = 0;
			defaultConfigurationName = Release;
		};
		D5711AC01A3CE0F0006A7EF4 /* Build configuration list for PBXNativeTarget "Glimpse" */ = {
			isa = XCConfigurationList;
			buildConfigurations = (
				D5711AC11A3CE0F0006A7EF4 /* Debug */,
				D5711AC21A3CE0F0006A7EF4 /* Release */,
			);
			defaultConfigurationIsVisible = 0;
			defaultConfigurationName = Release;
		};
		D5711AC31A3CE0F0006A7EF4 /* Build configuration list for PBXNativeTarget "GlimpseTests" */ = {
			isa = XCConfigurationList;
			buildConfigurations = (
				D5711AC41A3CE0F0006A7EF4 /* Debug */,
				D5711AC51A3CE0F0006A7EF4 /* Release */,
			);
			defaultConfigurationIsVisible = 0;
			defaultConfigurationName = Release;
		};
/* End XCConfigurationList section */
	};
	rootObject = D5711A991A3CE0F0006A7EF4 /* Project object */;
}
