// !$*UTF8*$!
{
	archiveVersion = 1;
	classes = {
	};
	objectVersion = 46;
	objects = {

/* Begin PBXBuildFile section */
		D5711AAE1A3CE0F0006A7EF4 /* Images.xcassets in Resources */ = {isa = PBXBuildFile; fileRef = D5711AAD1A3CE0F0006A7EF4 /* Images.xcassets */; };
		D5711AB11A3CE0F0006A7EF4 /* LaunchScreen.xib in Resources */ = {isa = PBXBuildFile; fileRef = D5711AAF1A3CE0F0006A7EF4 /* LaunchScreen.xib */; };
		D5711ABD1A3CE0F0006A7EF4 /* GlimpseTests.swift in Sources */ = {isa = PBXBuildFile; fileRef = D5711ABC1A3CE0F0006A7EF4 /* GlimpseTests.swift */; };
		D5711AC71A3CE156006A7EF4 /* AppDelegate.swift in Sources */ = {isa = PBXBuildFile; fileRef = D5711AC61A3CE156006A7EF4 /* AppDelegate.swift */; };
		D5711AD21A3CE18F006A7EF4 /* camera-options.png in Resources */ = {isa = PBXBuildFile; fileRef = D5711AC91A3CE18F006A7EF4 /* camera-options.png */; };
		D5711AD31A3CE18F006A7EF4 /* explore.png in Resources */ = {isa = PBXBuildFile; fileRef = D5711ACA1A3CE18F006A7EF4 /* explore.png */; };
		D5711AD41A3CE18F006A7EF4 /* home.png in Resources */ = {isa = PBXBuildFile; fileRef = D5711ACB1A3CE18F006A7EF4 /* home.png */; };
		D5711AD51A3CE18F006A7EF4 /* map.png in Resources */ = {isa = PBXBuildFile; fileRef = D5711ACC1A3CE18F006A7EF4 /* map.png */; };
		D5711AD61A3CE18F006A7EF4 /* placeholder.png in Resources */ = {isa = PBXBuildFile; fileRef = D5711ACD1A3CE18F006A7EF4 /* placeholder.png */; };
		D5711AD71A3CE18F006A7EF4 /* post.png in Resources */ = {isa = PBXBuildFile; fileRef = D5711ACE1A3CE18F006A7EF4 /* post.png */; };
		D5711AD81A3CE18F006A7EF4 /* record.png in Resources */ = {isa = PBXBuildFile; fileRef = D5711ACF1A3CE18F006A7EF4 /* record.png */; };
		D5711AD91A3CE18F006A7EF4 /* self.png in Resources */ = {isa = PBXBuildFile; fileRef = D5711AD01A3CE18F006A7EF4 /* self.png */; };
		D5711ADA1A3CE18F006A7EF4 /* test.jpg in Resources */ = {isa = PBXBuildFile; fileRef = D5711AD11A3CE18F006A7EF4 /* test.jpg */; };
		D5711ADD1A3CE19C006A7EF4 /* CustomCell.swift in Sources */ = {isa = PBXBuildFile; fileRef = D5711ADB1A3CE19C006A7EF4 /* CustomCell.swift */; };
		D5711ADE1A3CE19C006A7EF4 /* ExploreViewController.swift in Sources */ = {isa = PBXBuildFile; fileRef = D5711ADC1A3CE19C006A7EF4 /* ExploreViewController.swift */; };
		D5711AE11A3CE1C8006A7EF4 /* Main.storyboard in Resources */ = {isa = PBXBuildFile; fileRef = D5711ADF1A3CE1C8006A7EF4 /* Main.storyboard */; };
		D5711AE41A3CE1D1006A7EF4 /* MyUIViewController.swift in Sources */ = {isa = PBXBuildFile; fileRef = D5711AE21A3CE1D1006A7EF4 /* MyUIViewController.swift */; };
		D5711AE51A3CE1D1006A7EF4 /* TableViewController.swift in Sources */ = {isa = PBXBuildFile; fileRef = D5711AE31A3CE1D1006A7EF4 /* TableViewController.swift */; };
/* End PBXBuildFile section */

/* Begin PBXContainerItemProxy section */
		D5711AB71A3CE0F0006A7EF4 /* PBXContainerItemProxy */ = {
			isa = PBXContainerItemProxy;
			containerPortal = D5711A991A3CE0F0006A7EF4 /* Project object */;
			proxyType = 1;
			remoteGlobalIDString = D5711AA01A3CE0F0006A7EF4;
			remoteInfo = Glimpse;
		};
/* End PBXContainerItemProxy section */

/* Begin PBXFileReference section */
		D5711AA11A3CE0F0006A7EF4 /* Glimpse.app */ = {isa = PBXFileReference; explicitFileType = wrapper.application; includeInIndex = 0; path = Glimpse.app; sourceTree = BUILT_PRODUCTS_DIR; };
		D5711AA51A3CE0F0006A7EF4 /* Info.plist */ = {isa = PBXFileReference; lastKnownFileType = text.plist.xml; path = Info.plist; sourceTree = "<group>"; };
		D5711AAD1A3CE0F0006A7EF4 /* Images.xcassets */ = {isa = PBXFileReference; lastKnownFileType = folder.assetcatalog; path = Images.xcassets; sourceTree = "<group>"; };
		D5711AB01A3CE0F0006A7EF4 /* Base */ = {isa = PBXFileReference; lastKnownFileType = file.xib; name = Base; path = Base.lproj/LaunchScreen.xib; sourceTree = "<group>"; };
		D5711AB61A3CE0F0006A7EF4 /* GlimpseTests.xctest */ = {isa = PBXFileReference; explicitFileType = wrapper.cfbundle; includeInIndex = 0; path = GlimpseTests.xctest; sourceTree = BUILT_PRODUCTS_DIR; };
		D5711ABB1A3CE0F0006A7EF4 /* Info.plist */ = {isa = PBXFileReference; lastKnownFileType = text.plist.xml; path = Info.plist; sourceTree = "<group>"; };
		D5711ABC1A3CE0F0006A7EF4 /* GlimpseTests.swift */ = {isa = PBXFileReference; lastKnownFileType = sourcecode.swift; path = GlimpseTests.swift; sourceTree = "<group>"; };
		D5711AC61A3CE156006A7EF4 /* AppDelegate.swift */ = {isa = PBXFileReference; fileEncoding = 4; lastKnownFileType = sourcecode.swift; name = AppDelegate.swift; path = ../../TableViewPractice/TableViewPractice/AppDelegate.swift; sourceTree = "<group>"; };
		D5711AC91A3CE18F006A7EF4 /* camera-options.png */ = {isa = PBXFileReference; lastKnownFileType = image.png; name = "camera-options.png"; path = "../../TableViewPractice/TableViewPractice/camera-options.png"; sourceTree = "<group>"; };
		D5711ACA1A3CE18F006A7EF4 /* explore.png */ = {isa = PBXFileReference; lastKnownFileType = image.png; name = explore.png; path = ../../TableViewPractice/TableViewPractice/explore.png; sourceTree = "<group>"; };
		D5711ACB1A3CE18F006A7EF4 /* home.png */ = {isa = PBXFileReference; lastKnownFileType = image.png; name = home.png; path = ../../TableViewPractice/TableViewPractice/home.png; sourceTree = "<group>"; };
		D5711ACC1A3CE18F006A7EF4 /* map.png */ = {isa = PBXFileReference; lastKnownFileType = image.png; name = map.png; path = ../../TableViewPractice/TableViewPractice/map.png; sourceTree = "<group>"; };
		D5711ACD1A3CE18F006A7EF4 /* placeholder.png */ = {isa = PBXFileReference; lastKnownFileType = image.png; name = placeholder.png; path = ../../TableViewPractice/TableViewPractice/placeholder.png; sourceTree = "<group>"; };
		D5711ACE1A3CE18F006A7EF4 /* post.png */ = {isa = PBXFileReference; lastKnownFileType = image.png; name = post.png; path = ../../TableViewPractice/TableViewPractice/post.png; sourceTree = "<group>"; };
		D5711ACF1A3CE18F006A7EF4 /* record.png */ = {isa = PBXFileReference; lastKnownFileType = image.png; name = record.png; path = ../../TableViewPractice/TableViewPractice/record.png; sourceTree = "<group>"; };
		D5711AD01A3CE18F006A7EF4 /* self.png */ = {isa = PBXFileReference; lastKnownFileType = image.png; name = self.png; path = ../../TableViewPractice/TableViewPractice/self.png; sourceTree = "<group>"; };
		D5711AD11A3CE18F006A7EF4 /* test.jpg */ = {isa = PBXFileReference; lastKnownFileType = image.jpeg; name = test.jpg; path = ../../TableViewPractice/TableViewPractice/test.jpg; sourceTree = "<group>"; };
		D5711ADB1A3CE19C006A7EF4 /* CustomCell.swift */ = {isa = PBXFileReference; fileEncoding = 4; lastKnownFileType = sourcecode.swift; name = CustomCell.swift; path = ../../TableViewPractice/TableViewPractice/CustomCell.swift; sourceTree = "<group>"; };
		D5711ADC1A3CE19C006A7EF4 /* ExploreViewController.swift */ = {isa = PBXFileReference; fileEncoding = 4; lastKnownFileType = sourcecode.swift; name = ExploreViewController.swift; path = ../../TableViewPractice/TableViewPractice/ExploreViewController.swift; sourceTree = "<group>"; };
		D5711AE01A3CE1C8006A7EF4 /* Base */ = {isa = PBXFileReference; lastKnownFileType = file.storyboard; name = Base; path = ../../TableViewPractice/TableViewPractice/Base.lproj/Main.storyboard; sourceTree = "<group>"; };
		D5711AE21A3CE1D1006A7EF4 /* MyUIViewController.swift */ = {isa = PBXFileReference; fileEncoding = 4; lastKnownFileType = sourcecode.swift; name = MyUIViewController.swift; path = ../../TableViewPractice/TableViewPractice/MyUIViewController.swift; sourceTree = "<group>"; };
		D5711AE31A3CE1D1006A7EF4 /* TableViewController.swift */ = {isa = PBXFileReference; fileEncoding = 4; lastKnownFileType = sourcecode.swift; name = TableViewController.swift; path = ../../TableViewPractice/TableViewPractice/TableViewController.swift; sourceTree = "<group>"; };
/* End PBXFileReference section */

/* Begin PBXFrameworksBuildPhase section */
		D5711A9E1A3CE0F0006A7EF4 /* Frameworks */ = {
			isa = PBXFrameworksBuildPhase;
			buildActionMask = 2147483647;
			files = (
			);
			runOnlyForDeploymentPostprocessing = 0;
		};
		D5711AB31A3CE0F0006A7EF4 /* Frameworks */ = {
			isa = PBXFrameworksBuildPhase;
			buildActionMask = 2147483647;
			files = (
			);
			runOnlyForDeploymentPostprocessing = 0;
		};
/* End PBXFrameworksBuildPhase section */

/* Begin PBXGroup section */
		D5711A981A3CE0F0006A7EF4 = {
			isa = PBXGroup;
			children = (
				D5711AA31A3CE0F0006A7EF4 /* Glimpse */,
				D5711AB91A3CE0F0006A7EF4 /* GlimpseTests */,
				D5711AA21A3CE0F0006A7EF4 /* Products */,
			);
			sourceTree = "<group>";
		};
		D5711AA21A3CE0F0006A7EF4 /* Products */ = {
			isa = PBXGroup;
			children = (
				D5711AA11A3CE0F0006A7EF4 /* Glimpse.app */,
				D5711AB61A3CE0F0006A7EF4 /* GlimpseTests.xctest */,
			);
			name = Products;
			sourceTree = "<group>";
		};
		D5711AA31A3CE0F0006A7EF4 /* Glimpse */ = {
			isa = PBXGroup;
			children = (
				D5711AC61A3CE156006A7EF4 /* AppDelegate.swift */,
				D5711AC81A3CE17A006A7EF4 /* images */,
				D5711AAD1A3CE0F0006A7EF4 /* Images.xcassets */,
				D5711ADF1A3CE1C8006A7EF4 /* Main.storyboard */,
				D5711AAF1A3CE0F0006A7EF4 /* LaunchScreen.xib */,
				D5711AE21A3CE1D1006A7EF4 /* MyUIViewController.swift */,
				D5711AE31A3CE1D1006A7EF4 /* TableViewController.swift */,
				D5711ADB1A3CE19C006A7EF4 /* CustomCell.swift */,
				D5711ADC1A3CE19C006A7EF4 /* ExploreViewController.swift */,
				D5711AA41A3CE0F0006A7EF4 /* Supporting Files */,
			);
			path = Glimpse;
			sourceTree = "<group>";
		};
		D5711AA41A3CE0F0006A7EF4 /* Supporting Files */ = {
			isa = PBXGroup;
			children = (
				D5711AA51A3CE0F0006A7EF4 /* Info.plist */,
			);
			name = "Supporting Files";
			sourceTree = "<group>";
		};
		D5711AB91A3CE0F0006A7EF4 /* GlimpseTests */ = {
			isa = PBXGroup;
			children = (
				D5711ABC1A3CE0F0006A7EF4 /* GlimpseTests.swift */,
				D5711ABA1A3CE0F0006A7EF4 /* Supporting Files */,
			);
			path = GlimpseTests;
			sourceTree = "<group>";
		};
		D5711ABA1A3CE0F0006A7EF4 /* Supporting Files */ = {
			isa = PBXGroup;
			children = (
				D5711ABB1A3CE0F0006A7EF4 /* Info.plist */,
			);
			name = "Supporting Files";
			sourceTree = "<group>";
		};
		D5711AC81A3CE17A006A7EF4 /* images */ = {
			isa = PBXGroup;
			children = (
				D5711AC91A3CE18F006A7EF4 /* camera-options.png */,
				D5711ACA1A3CE18F006A7EF4 /* explore.png */,
				D5711ACB1A3CE18F006A7EF4 /* home.png */,
				D5711ACC1A3CE18F006A7EF4 /* map.png */,
				D5711ACD1A3CE18F006A7EF4 /* placeholder.png */,
				D5711ACE1A3CE18F006A7EF4 /* post.png */,
				D5711ACF1A3CE18F006A7EF4 /* record.png */,
				D5711AD01A3CE18F006A7EF4 /* self.png */,
				D5711AD11A3CE18F006A7EF4 /* test.jpg */,
			);
			name = images;
			sourceTree = "<group>";
		};
/* End PBXGroup section */

/* Begin PBXNativeTarget section */
		D5711AA01A3CE0F0006A7EF4 /* Glimpse */ = {
			isa = PBXNativeTarget;
			buildConfigurationList = D5711AC01A3CE0F0006A7EF4 /* Build configuration list for PBXNativeTarget "Glimpse" */;
			buildPhases = (
				D5711A9D1A3CE0F0006A7EF4 /* Sources */,
				D5711A9E1A3CE0F0006A7EF4 /* Frameworks */,
				D5711A9F1A3CE0F0006A7EF4 /* Resources */,
			);
			buildRules = (
			);
			dependencies = (
			);
			name = Glimpse;
			productName = Glimpse;
			productReference = D5711AA11A3CE0F0006A7EF4 /* Glimpse.app */;
			productType = "com.apple.product-type.application";
		};
		D5711AB51A3CE0F0006A7EF4 /* GlimpseTests */ = {
			isa = PBXNativeTarget;
			buildConfigurationList = D5711AC31A3CE0F0006A7EF4 /* Build configuration list for PBXNativeTarget "GlimpseTests" */;
			buildPhases = (
				D5711AB21A3CE0F0006A7EF4 /* Sources */,
				D5711AB31A3CE0F0006A7EF4 /* Frameworks */,
				D5711AB41A3CE0F0006A7EF4 /* Resources */,
			);
			buildRules = (
			);
			dependencies = (
				D5711AB81A3CE0F0006A7EF4 /* PBXTargetDependency */,
			);
			name = GlimpseTests;
			productName = GlimpseTests;
			productReference = D5711AB61A3CE0F0006A7EF4 /* GlimpseTests.xctest */;
			productType = "com.apple.product-type.bundle.unit-test";
		};
/* End PBXNativeTarget section */

/* Begin PBXProject section */
		D5711A991A3CE0F0006A7EF4 /* Project object */ = {
			isa = PBXProject;
			attributes = {
				LastUpgradeCheck = 0610;
				ORGANIZATIONNAME = "Renzee Reyes";
				TargetAttributes = {
					D5711AA01A3CE0F0006A7EF4 = {
						CreatedOnToolsVersion = 6.1.1;
					};
					D5711AB51A3CE0F0006A7EF4 = {
						CreatedOnToolsVersion = 6.1.1;
						TestTargetID = D5711AA01A3CE0F0006A7EF4;
					};
				};
			};
			buildConfigurationList = D5711A9C1A3CE0F0006A7EF4 /* Build configuration list for PBXProject "Glimpse" */;
			compatibilityVersion = "Xcode 3.2";
			developmentRegion = English;
			hasScannedForEncodings = 0;
			knownRegions = (
				en,
				Base,
			);
			mainGroup = D5711A981A3CE0F0006A7EF4;
			productRefGroup = D5711AA21A3CE0F0006A7EF4 /* Products */;
			projectDirPath = "";
			projectRoot = "";
			targets = (
				D5711AA01A3CE0F0006A7EF4 /* Glimpse */,
				D5711AB51A3CE0F0006A7EF4 /* GlimpseTests */,
			);
		};
/* End PBXProject section */

/* Begin PBXResourcesBuildPhase section */
		D5711A9F1A3CE0F0006A7EF4 /* Resources */ = {
			isa = PBXResourcesBuildPhase;
			buildActionMask = 2147483647;
			files = (
				D5711AD51A3CE18F006A7EF4 /* map.png in Resources */,
				D5711AD91A3CE18F006A7EF4 /* self.png in Resources */,
				D5711AD81A3CE18F006A7EF4 /* record.png in Resources */,
				D5711AE11A3CE1C8006A7EF4 /* Main.storyboard in Resources */,
				D5711AD71A3CE18F006A7EF4 /* post.png in Resources */,
				D5711AB11A3CE0F0006A7EF4 /* LaunchScreen.xib in Resources */,
				D5711AD41A3CE18F006A7EF4 /* home.png in Resources */,
				D5711AD31A3CE18F006A7EF4 /* explore.png in Resources */,
				D5711AD61A3CE18F006A7EF4 /* placeholder.png in Resources */,
				D5711AD21A3CE18F006A7EF4 /* camera-options.png in Resources */,
				D5711AAE1A3CE0F0006A7EF4 /* Images.xcassets in Resources */,
				D5711ADA1A3CE18F006A7EF4 /* test.jpg in Resources */,
			);
			runOnlyForDeploymentPostprocessing = 0;
		};
		D5711AB41A3CE0F0006A7EF4 /* Resources */ = {
			isa = PBXResourcesBuildPhase;
			buildActionMask = 2147483647;
			files = (
			);
			runOnlyForDeploymentPostprocessing = 0;
		};
/* End PBXResourcesBuildPhase section */

/* Begin PBXSourcesBuildPhase section */
		D5711A9D1A3CE0F0006A7EF4 /* Sources */ = {
			isa = PBXSourcesBuildPhase;
			buildActionMask = 2147483647;
			files = (
				D5711ADD1A3CE19C006A7EF4 /* CustomCell.swift in Sources */,
				D5711AC71A3CE156006A7EF4 /* AppDelegate.swift in Sources */,
				D5711AE41A3CE1D1006A7EF4 /* MyUIViewController.swift in Sources */,
				D5711AE51A3CE1D1006A7EF4 /* TableViewController.swift in Sources */,
				D5711ADE1A3CE19C006A7EF4 /* ExploreViewController.swift in Sources */,
			);
			runOnlyForDeploymentPostprocessing = 0;
		};
		D5711AB21A3CE0F0006A7EF4 /* Sources */ = {
			isa = PBXSourcesBuildPhase;
			buildActionMask = 2147483647;
			files = (
				D5711ABD1A3CE0F0006A7EF4 /* GlimpseTests.swift in Sources */,
			);
			runOnlyForDeploymentPostprocessing = 0;
		};
/* End PBXSourcesBuildPhase section */

/* Begin PBXTargetDependency section */
		D5711AB81A3CE0F0006A7EF4 /* PBXTargetDependency */ = {
			isa = PBXTargetDependency;
			target = D5711AA01A3CE0F0006A7EF4 /* Glimpse */;
			targetProxy = D5711AB71A3CE0F0006A7EF4 /* PBXContainerItemProxy */;
		};
/* End PBXTargetDependency section */

/* Begin PBXVariantGroup section */
		D5711AAF1A3CE0F0006A7EF4 /* LaunchScreen.xib */ = {
			isa = PBXVariantGroup;
			children = (
				D5711AB01A3CE0F0006A7EF4 /* Base */,
			);
			name = LaunchScreen.xib;
			sourceTree = "<group>";
		};
		D5711ADF1A3CE1C8006A7EF4 /* Main.storyboard */ = {
			isa = PBXVariantGroup;
			children = (
				D5711AE01A3CE1C8006A7EF4 /* Base */,
			);
			name = Main.storyboard;
			sourceTree = "<group>";
		};
/* End PBXVariantGroup section */

/* Begin XCBuildConfiguration section */
		D5711ABE1A3CE0F0006A7EF4 /* Debug */ = {
			isa = XCBuildConfiguration;
			buildSettings = {
				ALWAYS_SEARCH_USER_PATHS = NO;
				CLANG_CXX_LANGUAGE_STANDARD = "gnu++0x";
				CLANG_CXX_LIBRARY = "libc++";
				CLANG_ENABLE_MODULES = YES;
				CLANG_ENABLE_OBJC_ARC = YES;
				CLANG_WARN_BOOL_CONVERSION = YES;
				CLANG_WARN_CONSTANT_CONVERSION = YES;
				CLANG_WARN_DIRECT_OBJC_ISA_USAGE = YES_ERROR;
				CLANG_WARN_EMPTY_BODY = YES;
				CLANG_WARN_ENUM_CONVERSION = YES;
				CLANG_WARN_INT_CONVERSION = YES;
				CLANG_WARN_OBJC_ROOT_CLASS = YES_ERROR;
				CLANG_WARN_UNREACHABLE_CODE = YES;
				CLANG_WARN__DUPLICATE_METHOD_MATCH = YES;
				"CODE_SIGN_IDENTITY[sdk=iphoneos*]" = "iPhone Developer";
				COPY_PHASE_STRIP = NO;
				ENABLE_STRICT_OBJC_MSGSEND = YES;
				GCC_C_LANGUAGE_STANDARD = gnu99;
				GCC_DYNAMIC_NO_PIC = NO;
				GCC_OPTIMIZATION_LEVEL = 0;
				GCC_PREPROCESSOR_DEFINITIONS = (
					"DEBUG=1",
					"$(inherited)",
				);
				GCC_SYMBOLS_PRIVATE_EXTERN = NO;
				GCC_WARN_64_TO_32_BIT_CONVERSION = YES;
				GCC_WARN_ABOUT_RETURN_TYPE = YES_ERROR;
				GCC_WARN_UNDECLARED_SELECTOR = YES;
				GCC_WARN_UNINITIALIZED_AUTOS = YES_AGGRESSIVE;
				GCC_WARN_UNUSED_FUNCTION = YES;
				GCC_WARN_UNUSED_VARIABLE = YES;
				IPHONEOS_DEPLOYMENT_TARGET = 8.1;
				MTL_ENABLE_DEBUG_INFO = YES;
				ONLY_ACTIVE_ARCH = YES;
				SDKROOT = iphoneos;
				SWIFT_OPTIMIZATION_LEVEL = "-Onone";
				TARGETED_DEVICE_FAMILY = "1,2";
			};
			name = Debug;
		};
		D5711ABF1A3CE0F0006A7EF4 /* Release */ = {
			isa = XCBuildConfiguration;
			buildSettings = {
				ALWAYS_SEARCH_USER_PATHS = NO;
				CLANG_CXX_LANGUAGE_STANDARD = "gnu++0x";
				CLANG_CXX_LIBRARY = "libc++";
				CLANG_ENABLE_MODULES = YES;
				CLANG_ENABLE_OBJC_ARC = YES;
				CLANG_WARN_BOOL_CONVERSION = YES;
				CLANG_WARN_CONSTANT_CONVERSION = YES;
				CLANG_WARN_DIRECT_OBJC_ISA_USAGE = YES_ERROR;
				CLANG_WARN_EMPTY_BODY = YES;
				CLANG_WARN_ENUM_CONVERSION = YES;
				CLANG_WARN_INT_CONVERSION = YES;
				CLANG_WARN_OBJC_ROOT_CLASS = YES_ERROR;
				CLANG_WARN_UNREACHABLE_CODE = YES;
				CLANG_WARN__DUPLICATE_METHOD_MATCH = YES;
				"CODE_SIGN_IDENTITY[sdk=iphoneos*]" = "iPhone Developer";
				COPY_PHASE_STRIP = YES;
				ENABLE_NS_ASSERTIONS = NO;
				ENABLE_STRICT_OBJC_MSGSEND = YES;
				GCC_C_LANGUAGE_STANDARD = gnu99;
				GCC_WARN_64_TO_32_BIT_CONVERSION = YES;
				GCC_WARN_ABOUT_RETURN_TYPE = YES_ERROR;
				GCC_WARN_UNDECLARED_SELECTOR = YES;
				GCC_WARN_UNINITIALIZED_AUTOS = YES_AGGRESSIVE;
				GCC_WARN_UNUSED_FUNCTION = YES;
				GCC_WARN_UNUSED_VARIABLE = YES;
				IPHONEOS_DEPLOYMENT_TARGET = 8.1;
				MTL_ENABLE_DEBUG_INFO = NO;
				SDKROOT = iphoneos;
				TARGETED_DEVICE_FAMILY = "1,2";
				VALIDATE_PRODUCT = YES;
			};
			name = Release;
		};
		D5711AC11A3CE0F0006A7EF4 /* Debug */ = {
			isa = XCBuildConfiguration;
			buildSettings = {
				ASSETCATALOG_COMPILER_APPICON_NAME = AppIcon;
				INFOPLIST_FILE = Glimpse/Info.plist;
				LD_RUNPATH_SEARCH_PATHS = "$(inherited) @executable_path/Frameworks";
				PRODUCT_NAME = "$(TARGET_NAME)";
			};
			name = Debug;
		};
		D5711AC21A3CE0F0006A7EF4 /* Release */ = {
			isa = XCBuildConfiguration;
			buildSettings = {
				ASSETCATALOG_COMPILER_APPICON_NAME = AppIcon;
				INFOPLIST_FILE = Glimpse/Info.plist;
				LD_RUNPATH_SEARCH_PATHS = "$(inherited) @executable_path/Frameworks";
				PRODUCT_NAME = "$(TARGET_NAME)";
			};
			name = Release;
		};
		D5711AC41A3CE0F0006A7EF4 /* Debug */ = {
			isa = XCBuildConfiguration;
			buildSettings = {
				BUNDLE_LOADER = "$(TEST_HOST)";
				FRAMEWORK_SEARCH_PATHS = (
					"$(SDKROOT)/Developer/Library/Frameworks",
					"$(inherited)",
				);
				GCC_PREPROCESSOR_DEFINITIONS = (
					"DEBUG=1",
					"$(inherited)",
				);
				INFOPLIST_FILE = GlimpseTests/Info.plist;
				LD_RUNPATH_SEARCH_PATHS = "$(inherited) @executable_path/Frameworks @loader_path/Frameworks";
				PRODUCT_NAME = "$(TARGET_NAME)";
				TEST_HOST = "$(BUILT_PRODUCTS_DIR)/Glimpse.app/Glimpse";
			};
			name = Debug;
		};
		D5711AC51A3CE0F0006A7EF4 /* Release */ = {
			isa = XCBuildConfiguration;
			buildSettings = {
				BUNDLE_LOADER = "$(TEST_HOST)";
				FRAMEWORK_SEARCH_PATHS = (
					"$(SDKROOT)/Developer/Library/Frameworks",
					"$(inherited)",
				);
				INFOPLIST_FILE = GlimpseTests/Info.plist;
				LD_RUNPATH_SEARCH_PATHS = "$(inherited) @executable_path/Frameworks @loader_path/Frameworks";
				PRODUCT_NAME = "$(TARGET_NAME)";
				TEST_HOST = "$(BUILT_PRODUCTS_DIR)/Glimpse.app/Glimpse";
			};
			name = Release;
		};
/* End XCBuildConfiguration section */

/* Begin XCConfigurationList section */
		D5711A9C1A3CE0F0006A7EF4 /* Build configuration list for PBXProject "Glimpse" */ = {
			isa = XCConfigurationList;
			buildConfigurations = (
				D5711ABE1A3CE0F0006A7EF4 /* Debug */,
				D5711ABF1A3CE0F0006A7EF4 /* Release */,
			);
			defaultConfigurationIsVisible = 0;
			defaultConfigurationName = Release;
		};
		D5711AC01A3CE0F0006A7EF4 /* Build configuration list for PBXNativeTarget "Glimpse" */ = {
			isa = XCConfigurationList;
			buildConfigurations = (
				D5711AC11A3CE0F0006A7EF4 /* Debug */,
				D5711AC21A3CE0F0006A7EF4 /* Release */,
			);
			defaultConfigurationIsVisible = 0;
		};
		D5711AC31A3CE0F0006A7EF4 /* Build configuration list for PBXNativeTarget "GlimpseTests" */ = {
			isa = XCConfigurationList;
			buildConfigurations = (
				D5711AC41A3CE0F0006A7EF4 /* Debug */,
				D5711AC51A3CE0F0006A7EF4 /* Release */,
			);
			defaultConfigurationIsVisible = 0;
		};
/* End XCConfigurationList section */
	};
	rootObject = D5711A991A3CE0F0006A7EF4 /* Project object */;
}
